
Microsoft Visual Studio Solution File, Format Version 12.00
# Visual Studio Version 16
VisualStudioVersion = 16.0.31702.278
MinimumVisualStudioVersion = 10.0.40219.1
Project("{FAE04EC0-301F-11D3-BF4B-00C04F79EFBC}") = "Assignment 3, TestCalculator", "Assignment 3, TestCalculator.csproj", "{E1EA41D2-83D2-4A61-B5F2-B1AA87BC64B9}"
EndProject
Project("{FAE04EC0-301F-11D3-BF4B-00C04F79EFBC}") = "Assignment 3, TestCalculator.Tests", "..\Assignment 3, TestCalculator.Tests\Assignment 3, TestCalculator.Tests.csproj", "{623970BC-F10A-49DD-800E-486097B2C1F1}"
EndProject
Global
	GlobalSection(SolutionConfigurationPlatforms) = preSolution
		Debug|Any CPU = Debug|Any CPU
		Release|Any CPU = Release|Any CPU
	EndGlobalSection
	GlobalSection(ProjectConfigurationPlatforms) = postSolution
		{E1EA41D2-83D2-4A61-B5F2-B1AA87BC64B9}.Debug|Any CPU.ActiveCfg = Debug|Any CPU
		{E1EA41D2-83D2-4A61-B5F2-B1AA87BC64B9}.Debug|Any CPU.Build.0 = Debug|Any CPU
		{E1EA41D2-83D2-4A61-B5F2-B1AA87BC64B9}.Release|Any CPU.ActiveCfg = Release|Any CPU
		{E1EA41D2-83D2-4A61-B5F2-B1AA87BC64B9}.Release|Any CPU.Build.0 = Release|Any CPU
		{623970BC-F10A-49DD-800E-486097B2C1F1}.Debug|Any CPU.ActiveCfg = Debug|Any CPU
		{623970BC-F10A-49DD-800E-486097B2C1F1}.Debug|Any CPU.Build.0 = Debug|Any CPU
		{623970BC-F10A-49DD-800E-486097B2C1F1}.Release|Any CPU.ActiveCfg = Release|Any CPU
		{623970BC-F10A-49DD-800E-486097B2C1F1}.Release|Any CPU.Build.0 = Release|Any CPU
	EndGlobalSection
	GlobalSection(SolutionProperties) = preSolution
		HideSolutionNode = FALSE
	EndGlobalSection
	GlobalSection(ExtensibilityGlobals) = postSolution
		SolutionGuid = {0D306579-F6BC-41AC-ADC1-190CF30B860D}
	EndGlobalSection
EndGlobal
